
Microsoft Visual Studio Solution File, Format Version 11.00
# Visual Studio 2010
Project("{FAE04EC0-301F-11D3-BF4B-00C04F79EFBC}") = "Project BSU", "Assembly-CSharp-firstpass.csproj", "{AE186C21-A228-CBF8-8448-1246189BCE51}"
EndProject
Project("{FAE04EC0-301F-11D3-BF4B-00C04F79EFBC}") = "Project BSU", "Assembly-CSharp.csproj", "{DA4EA880-D1F8-5F2D-0D15-CC952588E5B4}"
EndProject
Project("{FAE04EC0-301F-11D3-BF4B-00C04F79EFBC}") = "Project BSU", "Assembly-CSharp-Editor-firstpass.csproj", "{0B0FB3C4-10E0-5271-438F-B9C110833AB0}"
EndProject
Project("{FAE04EC0-301F-11D3-BF4B-00C04F79EFBC}") = "Project BSU", "Assembly-CSharp-Editor.csproj", "{A6C9B66A-7AA6-94BD-E91B-F76617BCFE39}"
EndProject
Global
	GlobalSection(SolutionConfigurationPlatforms) = preSolution
		Debug|Any CPU = Debug|Any CPU
		Release|Any CPU = Release|Any CPU
	EndGlobalSection
	GlobalSection(ProjectConfigurationPlatforms) = postSolution
		{AE186C21-A228-CBF8-8448-1246189BCE51}.Debug|Any CPU.ActiveCfg = Debug|Any CPU
		{AE186C21-A228-CBF8-8448-1246189BCE51}.Debug|Any CPU.Build.0 = Debug|Any CPU
		{AE186C21-A228-CBF8-8448-1246189BCE51}.Release|Any CPU.ActiveCfg = Release|Any CPU
		{AE186C21-A228-CBF8-8448-1246189BCE51}.Release|Any CPU.Build.0 = Release|Any CPU
		{DA4EA880-D1F8-5F2D-0D15-CC952588E5B4}.Debug|Any CPU.ActiveCfg = Debug|Any CPU
		{DA4EA880-D1F8-5F2D-0D15-CC952588E5B4}.Debug|Any CPU.Build.0 = Debug|Any CPU
		{DA4EA880-D1F8-5F2D-0D15-CC952588E5B4}.Release|Any CPU.ActiveCfg = Release|Any CPU
		{DA4EA880-D1F8-5F2D-0D15-CC952588E5B4}.Release|Any CPU.Build.0 = Release|Any CPU
		{0B0FB3C4-10E0-5271-438F-B9C110833AB0}.Debug|Any CPU.ActiveCfg = Debug|Any CPU
		{0B0FB3C4-10E0-5271-438F-B9C110833AB0}.Debug|Any CPU.Build.0 = Debug|Any CPU
		{0B0FB3C4-10E0-5271-438F-B9C110833AB0}.Release|Any CPU.ActiveCfg = Release|Any CPU
		{0B0FB3C4-10E0-5271-438F-B9C110833AB0}.Release|Any CPU.Build.0 = Release|Any CPU
		{A6C9B66A-7AA6-94BD-E91B-F76617BCFE39}.Debug|Any CPU.ActiveCfg = Debug|Any CPU
		{A6C9B66A-7AA6-94BD-E91B-F76617BCFE39}.Debug|Any CPU.Build.0 = Debug|Any CPU
		{A6C9B66A-7AA6-94BD-E91B-F76617BCFE39}.Release|Any CPU.ActiveCfg = Release|Any CPU
		{A6C9B66A-7AA6-94BD-E91B-F76617BCFE39}.Release|Any CPU.Build.0 = Release|Any CPU
	EndGlobalSection
	GlobalSection(SolutionProperties) = preSolution
		HideSolutionNode = FALSE
	EndGlobalSection
	GlobalSection(MonoDevelopProperties) = preSolution
		StartupItem = Assembly-CSharp.csproj
	EndGlobalSection
EndGlobal
