
Microsoft Visual Studio Solution File, Format Version 11.00
# Visual Studio 2010
Project("{FAE04EC0-301F-11D3-BF4B-00C04F79EFBC}") = "Virtual-LAB", "Assembly-CSharp-firstpass.csproj", "{B0A5A98B-B295-C201-A75C-BC2DCB488D93}"
EndProject
Project("{FAE04EC0-301F-11D3-BF4B-00C04F79EFBC}") = "Virtual-LAB", "Assembly-CSharp.csproj", "{B6FFC01B-FE66-AF5D-884D-046637B43353}"
EndProject
Project("{FAE04EC0-301F-11D3-BF4B-00C04F79EFBC}") = "Virtual-LAB", "Assembly-CSharp-Editor.csproj", "{CAF9B828-3E20-5C77-ED9F-46C0E04E4D51}"
EndProject
Project("{FAE04EC0-301F-11D3-BF4B-00C04F79EFBC}") = "Virtual-LAB", "Assembly-CSharp-Editor-firstpass.csproj", "{366805AF-7BBC-7F81-E140-F9FC7E1F6C78}"
EndProject
Global
	GlobalSection(SolutionConfigurationPlatforms) = preSolution
		Debug|Any CPU = Debug|Any CPU
		Release|Any CPU = Release|Any CPU
	EndGlobalSection
	GlobalSection(ProjectConfigurationPlatforms) = postSolution
		{B0A5A98B-B295-C201-A75C-BC2DCB488D93}.Debug|Any CPU.ActiveCfg = Debug|Any CPU
		{B0A5A98B-B295-C201-A75C-BC2DCB488D93}.Debug|Any CPU.Build.0 = Debug|Any CPU
		{B0A5A98B-B295-C201-A75C-BC2DCB488D93}.Release|Any CPU.ActiveCfg = Release|Any CPU
		{B0A5A98B-B295-C201-A75C-BC2DCB488D93}.Release|Any CPU.Build.0 = Release|Any CPU
		{B6FFC01B-FE66-AF5D-884D-046637B43353}.Debug|Any CPU.ActiveCfg = Debug|Any CPU
		{B6FFC01B-FE66-AF5D-884D-046637B43353}.Debug|Any CPU.Build.0 = Debug|Any CPU
		{B6FFC01B-FE66-AF5D-884D-046637B43353}.Release|Any CPU.ActiveCfg = Release|Any CPU
		{B6FFC01B-FE66-AF5D-884D-046637B43353}.Release|Any CPU.Build.0 = Release|Any CPU
		{CAF9B828-3E20-5C77-ED9F-46C0E04E4D51}.Debug|Any CPU.ActiveCfg = Debug|Any CPU
		{CAF9B828-3E20-5C77-ED9F-46C0E04E4D51}.Debug|Any CPU.Build.0 = Debug|Any CPU
		{CAF9B828-3E20-5C77-ED9F-46C0E04E4D51}.Release|Any CPU.ActiveCfg = Release|Any CPU
		{CAF9B828-3E20-5C77-ED9F-46C0E04E4D51}.Release|Any CPU.Build.0 = Release|Any CPU
		{366805AF-7BBC-7F81-E140-F9FC7E1F6C78}.Debug|Any CPU.ActiveCfg = Debug|Any CPU
		{366805AF-7BBC-7F81-E140-F9FC7E1F6C78}.Debug|Any CPU.Build.0 = Debug|Any CPU
		{366805AF-7BBC-7F81-E140-F9FC7E1F6C78}.Release|Any CPU.ActiveCfg = Release|Any CPU
		{366805AF-7BBC-7F81-E140-F9FC7E1F6C78}.Release|Any CPU.Build.0 = Release|Any CPU
	EndGlobalSection
	GlobalSection(SolutionProperties) = preSolution
		HideSolutionNode = FALSE
	EndGlobalSection
	GlobalSection(MonoDevelopProperties) = preSolution
		StartupItem = Assembly-CSharp.csproj
	EndGlobalSection
EndGlobal
